
Microsoft Visual Studio Solution File, Format Version 12.00
# Visual Studio Version 17
VisualStudioVersion = 17.0.31903.59
MinimumVisualStudioVersion = 10.0.40219.1
Project("{2150E333-8FDC-42A3-9474-1A3956D46DE8}") = "src", "src", "{15FFD7D7-FC00-4081-AD91-B950EEF07AA6}"
EndProject
Project("{FAE04EC0-301F-11D3-BF4B-00C04F79EFBC}") = "ReservEase.Alumni.Common.Sdk", "src\ReservEase.Alumni.Common.Sdk\ReservEase.Alumni.Common.Sdk.csproj", "{5DBF1CC1-4609-4D52-8EBC-940BC92C6926}"
EndProject
Project("{FAE04EC0-301F-11D3-BF4B-00C04F79EFBC}") = "ReservEase.Alumni.PostgresDb.Sdk", "src\ReservEase.Alumni.PostgresDb.Sdk\ReservEase.Alumni.PostgresDb.Sdk.csproj", "{6C10C907-BCC9-4BC9-9B03-7F5143057320}"
EndProject
Project("{FAE04EC0-301F-11D3-BF4B-00C04F79EFBC}") = "ReservEase.Alumni.Redis.Sdk", "src\ReservEase.Alumni.Redis.Sdk\ReservEase.Alumni.Redis.Sdk.csproj", "{C21C81F5-BF6A-4F6E-A7A1-DCE8E6680817}"
EndProject
Project("{FAE04EC0-301F-11D3-BF4B-00C04F79EFBC}") = "ReservEase.Alumni.Storage.Sdk", "src\ReservEase.Alumni.Storage.Sdk\ReservEase.Alumni.Storage.Sdk.csproj", "{A76AA3B2-92E0-49CF-A216-EEB676A9E6F6}"
EndProject
Project("{FAE04EC0-301F-11D3-BF4B-00C04F79EFBC}") = "ReservEase.Alumni.Mailtrap.Sdk", "src\ReservEase.Alumni.Mailtrap.Sdk\ReservEase.Alumni.Mailtrap.Sdk.csproj", "{B02FAFE7-2A20-417F-9EB6-E0C902C4AAED}"
EndProject
Project("{FAE04EC0-301F-11D3-BF4B-00C04F79EFBC}") = "ReservEase.Alumni.Paystack.Sdk", "src\ReservEase.Alumni.Paystack.Sdk\ReservEase.Alumni.Paystack.Sdk.csproj", "{92D72642-6B1C-4868-9EDA-4CCF4394FB8E}"
EndProject
Project("{FAE04EC0-301F-11D3-BF4B-00C04F79EFBC}") = "ReservEase.Alumni.Institution.Api", "src\ReservEase.Alumni.Institution.Api\ReservEase.Alumni.Institution.Api.csproj", "{7A3B5C43-F185-45B8-9CBB-EFD3A2C6CCB3}"
EndProject
Project("{FAE04EC0-301F-11D3-BF4B-00C04F79EFBC}") = "ReservEase.Alumni.Member.Api", "src\ReservEase.Alumni.Member.Api\ReservEase.Alumni.Member.Api.csproj", "{A724DA2D-1BD3-474A-8CC1-DC61F5AD3867}"
EndProject
Project("{2150E333-8FDC-42A3-9474-1A3956D46DE8}") = "tests", "tests", "{29533728-ED58-40A2-8CF6-0B8E5A33E8B7}"
EndProject
Project("{FAE04EC0-301F-11D3-BF4B-00C04F79EFBC}") = "ReservEase.Alumni.Institution.Api.Tests", "tests\ReservEase.Alumni.Institution.Api.Tests\ReservEase.Alumni.Institution.Api.Tests.csproj", "{946D6738-DC39-4359-B026-35819DD2DB9B}"
EndProject
Project("{FAE04EC0-301F-11D3-BF4B-00C04F79EFBC}") = "ReservEase.Alumni.Platform.Api", "src\ReservEase.Alumni.Platform.Api\ReservEase.Alumni.Platform.Api.csproj", "{2E19B993-5C9E-4BE5-9C74-5A4426FE6763}"
EndProject
Project("{FAE04EC0-301F-11D3-BF4B-00C04F79EFBC}") = "ReservEase.Alumni.Sms.Sdk", "src\ReservEase.Alumni.Sms.Sdk\ReservEase.Alumni.Sms.Sdk.csproj", "{CD203904-BEEA-457C-93EA-AA6C37BB2845}"
EndProject
Project("{FAE04EC0-301F-11D3-BF4B-00C04F79EFBC}") = "ReservEase.Alumni.Whatsapp.Sdk", "src\ReservEase.Alumni.Whatsapp.Sdk\ReservEase.Alumni.Whatsapp.Sdk.csproj", "{29568CE2-C814-41B7-93B9-2867649A1B7F}"
EndProject
Project("{FAE04EC0-301F-11D3-BF4B-00C04F79EFBC}") = "ReservEase.Alumni.PaymentCallbacks.Sdk", "src\ReservEase.Alumni.PaymentCallbacks.Sdk\ReservEase.Alumni.PaymentCallbacks.Sdk.csproj", "{75A6A9C7-FAAD-462E-9CFF-B618E23A63D6}"
EndProject
Project("{FAE04EC0-301F-11D3-BF4B-00C04F79EFBC}") = "ReservEase.Alumni.Temporal.Sdk", "src\ReservEase.Alumni.Temporal.Sdk\ReservEase.Alumni.Temporal.Sdk.csproj", "{492CCC19-B6F4-4A48-B3BC-9728BD5E201A}"
EndProject
Project("{FAE04EC0-301F-11D3-BF4B-00C04F79EFBC}") = "ReservEase.Alumni.Operations.Worker", "src\ReservEase.Alumni.Operations.Worker\ReservEase.Alumni.Operations.Worker.csproj", "{0274B6CB-D708-418B-98D4-5261FF761C5D}"
EndProject
Project("{FAE04EC0-301F-11D3-BF4B-00C04F79EFBC}") = "ReservEase.Alumni.Notifications.Sdk", "src\ReservEase.Alumni.Notifications.Sdk\ReservEase.Alumni.Notifications.Sdk.csproj", "{0208CB47-277D-4A7B-B229-7CAC0C28EE7F}"
EndProject
Project("{FAE04EC0-301F-11D3-BF4B-00C04F79EFBC}") = "ReservEase.Alumni.WebPush.Sdk", "src\ReservEase.Alumni.WebPush.Sdk\ReservEase.Alumni.WebPush.Sdk.csproj", "{CBA5DA7A-8BC5-42F4-837A-DA3FB6E9468F}"
EndProject
Project("{FAE04EC0-301F-11D3-BF4B-00C04F79EFBC}") = "ReservEase.Alumni.Common.Tests", "tests\ReservEase.Alumni.Common.Tests\ReservEase.Alumni.Common.Tests.csproj", "{C4A1090A-B16F-44FD-9E1A-B18C7C1AB80A}"
EndProject
Project("{FAE04EC0-301F-11D3-BF4B-00C04F79EFBC}") = "ReservEase.Alumni.Mailtrap.Tests", "tests\ReservEase.Alumni.Mailtrap.Tests\ReservEase.Alumni.Mailtrap.Tests.csproj", "{228DB1CF-E10B-43FF-8926-048DFFD9683A}"
EndProject
Project("{FAE04EC0-301F-11D3-BF4B-00C04F79EFBC}") = "ReservEase.Alumni.Member.Api.Tests", "tests\ReservEase.Alumni.Member.Api.Tests\ReservEase.Alumni.Member.Api.Tests.csproj", "{1F2B2E1C-7020-4998-A509-5F1073BF4D2B}"
EndProject
Project("{FAE04EC0-301F-11D3-BF4B-00C04F79EFBC}") = "ReservEase.Alumni.Notifications.Tests", "tests\ReservEase.Alumni.Notifications.Tests\ReservEase.Alumni.Notifications.Tests.csproj", "{933324AD-8F8F-4C62-BF75-FDD390E33537}"
EndProject
Project("{FAE04EC0-301F-11D3-BF4B-00C04F79EFBC}") = "ReservEase.Alumni.Operations.Worker.Tests", "tests\ReservEase.Alumni.Operations.Worker.Tests\ReservEase.Alumni.Operations.Worker.Tests.csproj", "{22F7843E-E8F8-4CA6-A69F-042E5223C458}"
EndProject
Project("{FAE04EC0-301F-11D3-BF4B-00C04F79EFBC}") = "ReservEase.Alumni.PaymentCallbacks.Tests", "tests\ReservEase.Alumni.PaymentCallbacks.Tests\ReservEase.Alumni.PaymentCallbacks.Tests.csproj", "{448A8CD4-3690-4692-B31E-6CE0A74D24B9}"
EndProject
Project("{FAE04EC0-301F-11D3-BF4B-00C04F79EFBC}") = "ReservEase.Alumni.Paystack.Tests", "tests\ReservEase.Alumni.Paystack.Tests\ReservEase.Alumni.Paystack.Tests.csproj", "{BD3D2F23-C82C-4A99-A257-A890B5C85ABE}"
EndProject
Project("{FAE04EC0-301F-11D3-BF4B-00C04F79EFBC}") = "ReservEase.Alumni.Platform.Api.Tests", "tests\ReservEase.Alumni.Platform.Api.Tests\ReservEase.Alumni.Platform.Api.Tests.csproj", "{9830E1D9-0F38-4A99-84CF-CD62FDD572F7}"
EndProject
Project("{FAE04EC0-301F-11D3-BF4B-00C04F79EFBC}") = "ReservEase.Alumni.PostgresDb.Tests", "tests\ReservEase.Alumni.PostgresDb.Tests\ReservEase.Alumni.PostgresDb.Tests.csproj", "{BAE38FB9-DF8B-4B8D-A273-8BCEBC4FD26C}"
EndProject
Project("{FAE04EC0-301F-11D3-BF4B-00C04F79EFBC}") = "ReservEase.Alumni.Redis.Tests", "tests\ReservEase.Alumni.Redis.Tests\ReservEase.Alumni.Redis.Tests.csproj", "{B8065340-0C08-4EE8-89AC-3D4CEF28B8D1}"
EndProject
Project("{FAE04EC0-301F-11D3-BF4B-00C04F79EFBC}") = "ReservEase.Alumni.Sms.Tests", "tests\ReservEase.Alumni.Sms.Tests\ReservEase.Alumni.Sms.Tests.csproj", "{636A4386-B358-41F8-AF84-D495A69AC242}"
EndProject
Project("{FAE04EC0-301F-11D3-BF4B-00C04F79EFBC}") = "ReservEase.Alumni.Storage.Tests", "tests\ReservEase.Alumni.Storage.Tests\ReservEase.Alumni.Storage.Tests.csproj", "{D0547C3D-F1F6-4A34-8449-B42D773D7276}"
EndProject
Project("{FAE04EC0-301F-11D3-BF4B-00C04F79EFBC}") = "ReservEase.Alumni.Temporal.Tests", "tests\ReservEase.Alumni.Temporal.Tests\ReservEase.Alumni.Temporal.Tests.csproj", "{1D26AECE-A96F-42BC-8F50-CAE02D030516}"
EndProject
Project("{FAE04EC0-301F-11D3-BF4B-00C04F79EFBC}") = "ReservEase.Alumni.WebPush.Tests", "tests\ReservEase.Alumni.WebPush.Tests\ReservEase.Alumni.WebPush.Tests.csproj", "{53C454EF-1645-4BF7-8ACB-E2ED58DD24B3}"
EndProject
Project("{FAE04EC0-301F-11D3-BF4B-00C04F79EFBC}") = "ReservEase.Alumni.Whatsapp.Tests", "tests\ReservEase.Alumni.Whatsapp.Tests\ReservEase.Alumni.Whatsapp.Tests.csproj", "{6B02F31D-84D4-4093-8B98-F49BA581519F}"
EndProject
Project("{FAE04EC0-301F-11D3-BF4B-00C04F79EFBC}") = "ReservEase.Alumni.TestKit", "tests\ReservEase.Alumni.TestKit\ReservEase.Alumni.TestKit.csproj", "{6330688A-CCDB-4101-AF46-962869D438AE}"
EndProject
Global
	GlobalSection(SolutionConfigurationPlatforms) = preSolution
		Debug|Any CPU = Debug|Any CPU
		Release|Any CPU = Release|Any CPU
	EndGlobalSection
	GlobalSection(SolutionProperties) = preSolution
		HideSolutionNode = FALSE
	EndGlobalSection
	GlobalSection(ProjectConfigurationPlatforms) = postSolution
		{5DBF1CC1-4609-4D52-8EBC-940BC92C6926}.Debug|Any CPU.ActiveCfg = Debug|Any CPU
		{5DBF1CC1-4609-4D52-8EBC-940BC92C6926}.Debug|Any CPU.Build.0 = Debug|Any CPU
		{5DBF1CC1-4609-4D52-8EBC-940BC92C6926}.Release|Any CPU.ActiveCfg = Release|Any CPU
		{5DBF1CC1-4609-4D52-8EBC-940BC92C6926}.Release|Any CPU.Build.0 = Release|Any CPU
		{6C10C907-BCC9-4BC9-9B03-7F5143057320}.Debug|Any CPU.ActiveCfg = Debug|Any CPU
		{6C10C907-BCC9-4BC9-9B03-7F5143057320}.Debug|Any CPU.Build.0 = Debug|Any CPU
		{6C10C907-BCC9-4BC9-9B03-7F5143057320}.Release|Any CPU.ActiveCfg = Release|Any CPU
		{6C10C907-BCC9-4BC9-9B03-7F5143057320}.Release|Any CPU.Build.0 = Release|Any CPU
		{C21C81F5-BF6A-4F6E-A7A1-DCE8E6680817}.Debug|Any CPU.ActiveCfg = Debug|Any CPU
		{C21C81F5-BF6A-4F6E-A7A1-DCE8E6680817}.Debug|Any CPU.Build.0 = Debug|Any CPU
		{C21C81F5-BF6A-4F6E-A7A1-DCE8E6680817}.Release|Any CPU.ActiveCfg = Release|Any CPU
		{C21C81F5-BF6A-4F6E-A7A1-DCE8E6680817}.Release|Any CPU.Build.0 = Release|Any CPU
		{A76AA3B2-92E0-49CF-A216-EEB676A9E6F6}.Debug|Any CPU.ActiveCfg = Debug|Any CPU
		{A76AA3B2-92E0-49CF-A216-EEB676A9E6F6}.Debug|Any CPU.Build.0 = Debug|Any CPU
		{A76AA3B2-92E0-49CF-A216-EEB676A9E6F6}.Release|Any CPU.ActiveCfg = Release|Any CPU
		{A76AA3B2-92E0-49CF-A216-EEB676A9E6F6}.Release|Any CPU.Build.0 = Release|Any CPU
		{B02FAFE7-2A20-417F-9EB6-E0C902C4AAED}.Debug|Any CPU.ActiveCfg = Debug|Any CPU
		{B02FAFE7-2A20-417F-9EB6-E0C902C4AAED}.Debug|Any CPU.Build.0 = Debug|Any CPU
		{B02FAFE7-2A20-417F-9EB6-E0C902C4AAED}.Release|Any CPU.ActiveCfg = Release|Any CPU
		{B02FAFE7-2A20-417F-9EB6-E0C902C4AAED}.Release|Any CPU.Build.0 = Release|Any CPU
		{92D72642-6B1C-4868-9EDA-4CCF4394FB8E}.Debug|Any CPU.ActiveCfg = Debug|Any CPU
		{92D72642-6B1C-4868-9EDA-4CCF4394FB8E}.Debug|Any CPU.Build.0 = Debug|Any CPU
		{92D72642-6B1C-4868-9EDA-4CCF4394FB8E}.Release|Any CPU.ActiveCfg = Release|Any CPU
		{92D72642-6B1C-4868-9EDA-4CCF4394FB8E}.Release|Any CPU.Build.0 = Release|Any CPU
		{7A3B5C43-F185-45B8-9CBB-EFD3A2C6CCB3}.Debug|Any CPU.ActiveCfg = Debug|Any CPU
		{7A3B5C43-F185-45B8-9CBB-EFD3A2C6CCB3}.Debug|Any CPU.Build.0 = Debug|Any CPU
		{7A3B5C43-F185-45B8-9CBB-EFD3A2C6CCB3}.Release|Any CPU.ActiveCfg = Release|Any CPU
		{7A3B5C43-F185-45B8-9CBB-EFD3A2C6CCB3}.Release|Any CPU.Build.0 = Release|Any CPU
		{A724DA2D-1BD3-474A-8CC1-DC61F5AD3867}.Debug|Any CPU.ActiveCfg = Debug|Any CPU
		{A724DA2D-1BD3-474A-8CC1-DC61F5AD3867}.Debug|Any CPU.Build.0 = Debug|Any CPU
		{A724DA2D-1BD3-474A-8CC1-DC61F5AD3867}.Release|Any CPU.ActiveCfg = Release|Any CPU
		{A724DA2D-1BD3-474A-8CC1-DC61F5AD3867}.Release|Any CPU.Build.0 = Release|Any CPU
		{946D6738-DC39-4359-B026-35819DD2DB9B}.Debug|Any CPU.ActiveCfg = Debug|Any CPU
		{946D6738-DC39-4359-B026-35819DD2DB9B}.Debug|Any CPU.Build.0 = Debug|Any CPU
		{946D6738-DC39-4359-B026-35819DD2DB9B}.Release|Any CPU.ActiveCfg = Release|Any CPU
		{946D6738-DC39-4359-B026-35819DD2DB9B}.Release|Any CPU.Build.0 = Release|Any CPU
		{2E19B993-5C9E-4BE5-9C74-5A4426FE6763}.Debug|Any CPU.ActiveCfg = Debug|Any CPU
		{2E19B993-5C9E-4BE5-9C74-5A4426FE6763}.Debug|Any CPU.Build.0 = Debug|Any CPU
		{2E19B993-5C9E-4BE5-9C74-5A4426FE6763}.Release|Any CPU.ActiveCfg = Release|Any CPU
		{2E19B993-5C9E-4BE5-9C74-5A4426FE6763}.Release|Any CPU.Build.0 = Release|Any CPU
		{CD203904-BEEA-457C-93EA-AA6C37BB2845}.Debug|Any CPU.ActiveCfg = Debug|Any CPU
		{CD203904-BEEA-457C-93EA-AA6C37BB2845}.Debug|Any CPU.Build.0 = Debug|Any CPU
		{CD203904-BEEA-457C-93EA-AA6C37BB2845}.Release|Any CPU.ActiveCfg = Release|Any CPU
		{CD203904-BEEA-457C-93EA-AA6C37BB2845}.Release|Any CPU.Build.0 = Release|Any CPU
		{29568CE2-C814-41B7-93B9-2867649A1B7F}.Debug|Any CPU.ActiveCfg = Debug|Any CPU
		{29568CE2-C814-41B7-93B9-2867649A1B7F}.Debug|Any CPU.Build.0 = Debug|Any CPU
		{29568CE2-C814-41B7-93B9-2867649A1B7F}.Release|Any CPU.ActiveCfg = Release|Any CPU
		{29568CE2-C814-41B7-93B9-2867649A1B7F}.Release|Any CPU.Build.0 = Release|Any CPU
		{75A6A9C7-FAAD-462E-9CFF-B618E23A63D6}.Debug|Any CPU.ActiveCfg = Debug|Any CPU
		{75A6A9C7-FAAD-462E-9CFF-B618E23A63D6}.Debug|Any CPU.Build.0 = Debug|Any CPU
		{75A6A9C7-FAAD-462E-9CFF-B618E23A63D6}.Release|Any CPU.ActiveCfg = Release|Any CPU
		{75A6A9C7-FAAD-462E-9CFF-B618E23A63D6}.Release|Any CPU.Build.0 = Release|Any CPU
		{492CCC19-B6F4-4A48-B3BC-9728BD5E201A}.Debug|Any CPU.ActiveCfg = Debug|Any CPU
		{492CCC19-B6F4-4A48-B3BC-9728BD5E201A}.Debug|Any CPU.Build.0 = Debug|Any CPU
		{492CCC19-B6F4-4A48-B3BC-9728BD5E201A}.Release|Any CPU.ActiveCfg = Release|Any CPU
		{492CCC19-B6F4-4A48-B3BC-9728BD5E201A}.Release|Any CPU.Build.0 = Release|Any CPU
		{0274B6CB-D708-418B-98D4-5261FF761C5D}.Debug|Any CPU.ActiveCfg = Debug|Any CPU
		{0274B6CB-D708-418B-98D4-5261FF761C5D}.Debug|Any CPU.Build.0 = Debug|Any CPU
		{0274B6CB-D708-418B-98D4-5261FF761C5D}.Release|Any CPU.ActiveCfg = Release|Any CPU
		{0274B6CB-D708-418B-98D4-5261FF761C5D}.Release|Any CPU.Build.0 = Release|Any CPU
		{0208CB47-277D-4A7B-B229-7CAC0C28EE7F}.Debug|Any CPU.ActiveCfg = Debug|Any CPU
		{0208CB47-277D-4A7B-B229-7CAC0C28EE7F}.Debug|Any CPU.Build.0 = Debug|Any CPU
		{0208CB47-277D-4A7B-B229-7CAC0C28EE7F}.Release|Any CPU.ActiveCfg = Release|Any CPU
		{0208CB47-277D-4A7B-B229-7CAC0C28EE7F}.Release|Any CPU.Build.0 = Release|Any CPU
		{CBA5DA7A-8BC5-42F4-837A-DA3FB6E9468F}.Debug|Any CPU.ActiveCfg = Debug|Any CPU
		{CBA5DA7A-8BC5-42F4-837A-DA3FB6E9468F}.Debug|Any CPU.Build.0 = Debug|Any CPU
		{CBA5DA7A-8BC5-42F4-837A-DA3FB6E9468F}.Release|Any CPU.ActiveCfg = Release|Any CPU
		{CBA5DA7A-8BC5-42F4-837A-DA3FB6E9468F}.Release|Any CPU.Build.0 = Release|Any CPU
		{C4A1090A-B16F-44FD-9E1A-B18C7C1AB80A}.Debug|Any CPU.ActiveCfg = Debug|Any CPU
		{C4A1090A-B16F-44FD-9E1A-B18C7C1AB80A}.Debug|Any CPU.Build.0 = Debug|Any CPU
		{C4A1090A-B16F-44FD-9E1A-B18C7C1AB80A}.Release|Any CPU.ActiveCfg = Release|Any CPU
		{C4A1090A-B16F-44FD-9E1A-B18C7C1AB80A}.Release|Any CPU.Build.0 = Release|Any CPU
		{228DB1CF-E10B-43FF-8926-048DFFD9683A}.Debug|Any CPU.ActiveCfg = Debug|Any CPU
		{228DB1CF-E10B-43FF-8926-048DFFD9683A}.Debug|Any CPU.Build.0 = Debug|Any CPU
		{228DB1CF-E10B-43FF-8926-048DFFD9683A}.Release|Any CPU.ActiveCfg = Release|Any CPU
		{228DB1CF-E10B-43FF-8926-048DFFD9683A}.Release|Any CPU.Build.0 = Release|Any CPU
		{1F2B2E1C-7020-4998-A509-5F1073BF4D2B}.Debug|Any CPU.ActiveCfg = Debug|Any CPU
		{1F2B2E1C-7020-4998-A509-5F1073BF4D2B}.Debug|Any CPU.Build.0 = Debug|Any CPU
		{1F2B2E1C-7020-4998-A509-5F1073BF4D2B}.Release|Any CPU.ActiveCfg = Release|Any CPU
		{1F2B2E1C-7020-4998-A509-5F1073BF4D2B}.Release|Any CPU.Build.0 = Release|Any CPU
		{933324AD-8F8F-4C62-BF75-FDD390E33537}.Debug|Any CPU.ActiveCfg = Debug|Any CPU
		{933324AD-8F8F-4C62-BF75-FDD390E33537}.Debug|Any CPU.Build.0 = Debug|Any CPU
		{933324AD-8F8F-4C62-BF75-FDD390E33537}.Release|Any CPU.ActiveCfg = Release|Any CPU
		{933324AD-8F8F-4C62-BF75-FDD390E33537}.Release|Any CPU.Build.0 = Release|Any CPU
		{22F7843E-E8F8-4CA6-A69F-042E5223C458}.Debug|Any CPU.ActiveCfg = Debug|Any CPU
		{22F7843E-E8F8-4CA6-A69F-042E5223C458}.Debug|Any CPU.Build.0 = Debug|Any CPU
		{22F7843E-E8F8-4CA6-A69F-042E5223C458}.Release|Any CPU.ActiveCfg = Release|Any CPU
		{22F7843E-E8F8-4CA6-A69F-042E5223C458}.Release|Any CPU.Build.0 = Release|Any CPU
		{448A8CD4-3690-4692-B31E-6CE0A74D24B9}.Debug|Any CPU.ActiveCfg = Debug|Any CPU
		{448A8CD4-3690-4692-B31E-6CE0A74D24B9}.Debug|Any CPU.Build.0 = Debug|Any CPU
		{448A8CD4-3690-4692-B31E-6CE0A74D24B9}.Release|Any CPU.ActiveCfg = Release|Any CPU
		{448A8CD4-3690-4692-B31E-6CE0A74D24B9}.Release|Any CPU.Build.0 = Release|Any CPU
		{BD3D2F23-C82C-4A99-A257-A890B5C85ABE}.Debug|Any CPU.ActiveCfg = Debug|Any CPU
		{BD3D2F23-C82C-4A99-A257-A890B5C85ABE}.Debug|Any CPU.Build.0 = Debug|Any CPU
		{BD3D2F23-C82C-4A99-A257-A890B5C85ABE}.Release|Any CPU.ActiveCfg = Release|Any CPU
		{BD3D2F23-C82C-4A99-A257-A890B5C85ABE}.Release|Any CPU.Build.0 = Release|Any CPU
		{9830E1D9-0F38-4A99-84CF-CD62FDD572F7}.Debug|Any CPU.ActiveCfg = Debug|Any CPU
		{9830E1D9-0F38-4A99-84CF-CD62FDD572F7}.Debug|Any CPU.Build.0 = Debug|Any CPU
		{9830E1D9-0F38-4A99-84CF-CD62FDD572F7}.Release|Any CPU.ActiveCfg = Release|Any CPU
		{9830E1D9-0F38-4A99-84CF-CD62FDD572F7}.Release|Any CPU.Build.0 = Release|Any CPU
		{BAE38FB9-DF8B-4B8D-A273-8BCEBC4FD26C}.Debug|Any CPU.ActiveCfg = Debug|Any CPU
		{BAE38FB9-DF8B-4B8D-A273-8BCEBC4FD26C}.Debug|Any CPU.Build.0 = Debug|Any CPU
		{BAE38FB9-DF8B-4B8D-A273-8BCEBC4FD26C}.Release|Any CPU.ActiveCfg = Release|Any CPU
		{BAE38FB9-DF8B-4B8D-A273-8BCEBC4FD26C}.Release|Any CPU.Build.0 = Release|Any CPU
		{B8065340-0C08-4EE8-89AC-3D4CEF28B8D1}.Debug|Any CPU.ActiveCfg = Debug|Any CPU
		{B8065340-0C08-4EE8-89AC-3D4CEF28B8D1}.Debug|Any CPU.Build.0 = Debug|Any CPU
		{B8065340-0C08-4EE8-89AC-3D4CEF28B8D1}.Release|Any CPU.ActiveCfg = Release|Any CPU
		{B8065340-0C08-4EE8-89AC-3D4CEF28B8D1}.Release|Any CPU.Build.0 = Release|Any CPU
		{636A4386-B358-41F8-AF84-D495A69AC242}.Debug|Any CPU.ActiveCfg = Debug|Any CPU
		{636A4386-B358-41F8-AF84-D495A69AC242}.Debug|Any CPU.Build.0 = Debug|Any CPU
		{636A4386-B358-41F8-AF84-D495A69AC242}.Release|Any CPU.ActiveCfg = Release|Any CPU
		{636A4386-B358-41F8-AF84-D495A69AC242}.Release|Any CPU.Build.0 = Release|Any CPU
		{D0547C3D-F1F6-4A34-8449-B42D773D7276}.Debug|Any CPU.ActiveCfg = Debug|Any CPU
		{D0547C3D-F1F6-4A34-8449-B42D773D7276}.Debug|Any CPU.Build.0 = Debug|Any CPU
		{D0547C3D-F1F6-4A34-8449-B42D773D7276}.Release|Any CPU.ActiveCfg = Release|Any CPU
		{D0547C3D-F1F6-4A34-8449-B42D773D7276}.Release|Any CPU.Build.0 = Release|Any CPU
		{1D26AECE-A96F-42BC-8F50-CAE02D030516}.Debug|Any CPU.ActiveCfg = Debug|Any CPU
		{1D26AECE-A96F-42BC-8F50-CAE02D030516}.Debug|Any CPU.Build.0 = Debug|Any CPU
		{1D26AECE-A96F-42BC-8F50-CAE02D030516}.Release|Any CPU.ActiveCfg = Release|Any CPU
		{1D26AECE-A96F-42BC-8F50-CAE02D030516}.Release|Any CPU.Build.0 = Release|Any CPU
		{53C454EF-1645-4BF7-8ACB-E2ED58DD24B3}.Debug|Any CPU.ActiveCfg = Debug|Any CPU
		{53C454EF-1645-4BF7-8ACB-E2ED58DD24B3}.Debug|Any CPU.Build.0 = Debug|Any CPU
		{53C454EF-1645-4BF7-8ACB-E2ED58DD24B3}.Release|Any CPU.ActiveCfg = Release|Any CPU
		{53C454EF-1645-4BF7-8ACB-E2ED58DD24B3}.Release|Any CPU.Build.0 = Release|Any CPU
		{6B02F31D-84D4-4093-8B98-F49BA581519F}.Debug|Any CPU.ActiveCfg = Debug|Any CPU
		{6B02F31D-84D4-4093-8B98-F49BA581519F}.Debug|Any CPU.Build.0 = Debug|Any CPU
		{6B02F31D-84D4-4093-8B98-F49BA581519F}.Release|Any CPU.ActiveCfg = Release|Any CPU
		{6B02F31D-84D4-4093-8B98-F49BA581519F}.Release|Any CPU.Build.0 = Release|Any CPU
		{6330688A-CCDB-4101-AF46-962869D438AE}.Debug|Any CPU.ActiveCfg = Debug|Any CPU
		{6330688A-CCDB-4101-AF46-962869D438AE}.Debug|Any CPU.Build.0 = Debug|Any CPU
		{6330688A-CCDB-4101-AF46-962869D438AE}.Release|Any CPU.ActiveCfg = Release|Any CPU
		{6330688A-CCDB-4101-AF46-962869D438AE}.Release|Any CPU.Build.0 = Release|Any CPU
	EndGlobalSection
	GlobalSection(NestedProjects) = preSolution
		{5DBF1CC1-4609-4D52-8EBC-940BC92C6926} = {15FFD7D7-FC00-4081-AD91-B950EEF07AA6}
		{6C10C907-BCC9-4BC9-9B03-7F5143057320} = {15FFD7D7-FC00-4081-AD91-B950EEF07AA6}
		{C21C81F5-BF6A-4F6E-A7A1-DCE8E6680817} = {15FFD7D7-FC00-4081-AD91-B950EEF07AA6}
		{A76AA3B2-92E0-49CF-A216-EEB676A9E6F6} = {15FFD7D7-FC00-4081-AD91-B950EEF07AA6}
		{B02FAFE7-2A20-417F-9EB6-E0C902C4AAED} = {15FFD7D7-FC00-4081-AD91-B950EEF07AA6}
		{92D72642-6B1C-4868-9EDA-4CCF4394FB8E} = {15FFD7D7-FC00-4081-AD91-B950EEF07AA6}
		{7A3B5C43-F185-45B8-9CBB-EFD3A2C6CCB3} = {15FFD7D7-FC00-4081-AD91-B950EEF07AA6}
		{A724DA2D-1BD3-474A-8CC1-DC61F5AD3867} = {15FFD7D7-FC00-4081-AD91-B950EEF07AA6}
		{946D6738-DC39-4359-B026-35819DD2DB9B} = {29533728-ED58-40A2-8CF6-0B8E5A33E8B7}
		{2E19B993-5C9E-4BE5-9C74-5A4426FE6763} = {15FFD7D7-FC00-4081-AD91-B950EEF07AA6}
		{CD203904-BEEA-457C-93EA-AA6C37BB2845} = {15FFD7D7-FC00-4081-AD91-B950EEF07AA6}
		{29568CE2-C814-41B7-93B9-2867649A1B7F} = {15FFD7D7-FC00-4081-AD91-B950EEF07AA6}
		{75A6A9C7-FAAD-462E-9CFF-B618E23A63D6} = {15FFD7D7-FC00-4081-AD91-B950EEF07AA6}
		{492CCC19-B6F4-4A48-B3BC-9728BD5E201A} = {15FFD7D7-FC00-4081-AD91-B950EEF07AA6}
		{0274B6CB-D708-418B-98D4-5261FF761C5D} = {15FFD7D7-FC00-4081-AD91-B950EEF07AA6}
		{0208CB47-277D-4A7B-B229-7CAC0C28EE7F} = {15FFD7D7-FC00-4081-AD91-B950EEF07AA6}
		{CBA5DA7A-8BC5-42F4-837A-DA3FB6E9468F} = {15FFD7D7-FC00-4081-AD91-B950EEF07AA6}
		{C4A1090A-B16F-44FD-9E1A-B18C7C1AB80A} = {29533728-ED58-40A2-8CF6-0B8E5A33E8B7}
		{228DB1CF-E10B-43FF-8926-048DFFD9683A} = {29533728-ED58-40A2-8CF6-0B8E5A33E8B7}
		{1F2B2E1C-7020-4998-A509-5F1073BF4D2B} = {29533728-ED58-40A2-8CF6-0B8E5A33E8B7}
		{933324AD-8F8F-4C62-BF75-FDD390E33537} = {29533728-ED58-40A2-8CF6-0B8E5A33E8B7}
		{22F7843E-E8F8-4CA6-A69F-042E5223C458} = {29533728-ED58-40A2-8CF6-0B8E5A33E8B7}
		{448A8CD4-3690-4692-B31E-6CE0A74D24B9} = {29533728-ED58-40A2-8CF6-0B8E5A33E8B7}
		{BD3D2F23-C82C-4A99-A257-A890B5C85ABE} = {29533728-ED58-40A2-8CF6-0B8E5A33E8B7}
		{9830E1D9-0F38-4A99-84CF-CD62FDD572F7} = {29533728-ED58-40A2-8CF6-0B8E5A33E8B7}
		{BAE38FB9-DF8B-4B8D-A273-8BCEBC4FD26C} = {29533728-ED58-40A2-8CF6-0B8E5A33E8B7}
		{B8065340-0C08-4EE8-89AC-3D4CEF28B8D1} = {29533728-ED58-40A2-8CF6-0B8E5A33E8B7}
		{636A4386-B358-41F8-AF84-D495A69AC242} = {29533728-ED58-40A2-8CF6-0B8E5A33E8B7}
		{D0547C3D-F1F6-4A34-8449-B42D773D7276} = {29533728-ED58-40A2-8CF6-0B8E5A33E8B7}
		{1D26AECE-A96F-42BC-8F50-CAE02D030516} = {29533728-ED58-40A2-8CF6-0B8E5A33E8B7}
		{53C454EF-1645-4BF7-8ACB-E2ED58DD24B3} = {29533728-ED58-40A2-8CF6-0B8E5A33E8B7}
		{6B02F31D-84D4-4093-8B98-F49BA581519F} = {29533728-ED58-40A2-8CF6-0B8E5A33E8B7}
		{6330688A-CCDB-4101-AF46-962869D438AE} = {29533728-ED58-40A2-8CF6-0B8E5A33E8B7}
	EndGlobalSection
EndGlobal
